
Microsoft Visual Studio Solution File, Format Version 12.00
# Visual Studio Version 17
VisualStudioVersion = 17.0.32112.339
MinimumVisualStudioVersion = 10.0.40219.1
Project("{FAE04EC0-301F-11D3-BF4B-00C04F79EFBC}") = "DotNET.HttpClient.Sample.Api", "DotNET.HttpClient.Sample.Api\DotNET.HttpClient.Sample.Api.csproj", "{AF61C076-B286-4DC9-8769-B1D5EBF0D53B}"
EndProject
Global
	GlobalSection(SolutionConfigurationPlatforms) = preSolution
		Debug|Any CPU = Debug|Any CPU
		Release|Any CPU = Release|Any CPU
	EndGlobalSection
	GlobalSection(ProjectConfigurationPlatforms) = postSolution
		{AF61C076-B286-4DC9-8769-B1D5EBF0D53B}.Debug|Any CPU.ActiveCfg = Debug|Any CPU
		{AF61C076-B286-4DC9-8769-B1D5EBF0D53B}.Debug|Any CPU.Build.0 = Debug|Any CPU
		{AF61C076-B286-4DC9-8769-B1D5EBF0D53B}.Release|Any CPU.ActiveCfg = Release|Any CPU
		{AF61C076-B286-4DC9-8769-B1D5EBF0D53B}.Release|Any CPU.Build.0 = Release|Any CPU
	EndGlobalSection
	GlobalSection(SolutionProperties) = preSolution
		HideSolutionNode = FALSE
	EndGlobalSection
	GlobalSection(ExtensibilityGlobals) = postSolution
		SolutionGuid = {726668A6-5716-4EA8-8542-B474EAD9FC57}
	EndGlobalSection
EndGlobal
